<?xml version="1.0" encoding="UTF-8" standalone="yes" ?>
<CodeBlocks_project_file>
	<FileVersion major="1" minor="6" />
	<Project>
		<Option title="WickEngine_DirectX" />
		<Option platforms="Windows;" />
		<Option pch_mode="2" />
		<Option compiler="gcc" />
		<Build>
			<Target title="Debug">
				<Option platforms="Windows;" />
				<Option output="../WickEngine_DirectX_SDK/lib/dwickdx9" prefix_auto="1" extension_auto="1" />
				<Option working_dir="" />
				<Option object_output="Debug/" />
				<Option type="2" />
				<Option compiler="gcc" />
				<Compiler>
					<Add option="-g" />
					<Add option="-ggdb" />
					<Add option="-D_DEBUG" />
				</Compiler>
				<Linker>
					<Add library="d3dx9" />
				</Linker>
			</Target>
			<Target title="Release">
				<Option platforms="Windows;" />
				<Option output="../WickEngine_DirectX_SDK/lib/wickdx9" prefix_auto="1" extension_auto="1" />
				<Option working_dir="" />
				<Option object_output="Release/" />
				<Option type="2" />
				<Option compiler="gcc" />
				<Compiler>
					<Add option="-O2" />
				</Compiler>
				<Linker>
					<Add option="-s" />
					<Add library="d3dx9" />
				</Linker>
			</Target>
		</Build>
		<Compiler>
			<Add option="-std=c++0x" />
			<Add option="-DWIN32" />
			<Add option="-DNDEBUG" />
			<Add option="-D_WINDOWS" />
			<Add option="-D_MBCS" />
			<Add directory="$(#dx.include)" />
			<Add directory="../WickEngine_DirectX_SDK/include" />
		</Compiler>
		<Linker>
			<Add library="kernel32" />
			<Add library="user32" />
			<Add library="gdi32" />
			<Add library="winspool" />
			<Add library="comdlg32" />
			<Add library="advapi32" />
			<Add library="shell32" />
			<Add library="ole32" />
			<Add library="oleaut32" />
			<Add library="uuid" />
			<Add library="odbc32" />
			<Add library="odbccp32" />
			<Add library="d3d9" />
			<Add directory="$(#dx.lib)" />
		</Linker>
		<Unit filename="../WickEngine_DirectX_SDK/include/Box.h" />
		<Unit filename="../WickEngine_DirectX_SDK/include/Button.h" />
		<Unit filename="../WickEngine_DirectX_SDK/include/Color.h" />
		<Unit filename="../WickEngine_DirectX_SDK/include/DefaultState.h" />
		<Unit filename="../WickEngine_DirectX_SDK/include/Direct3D.h" />
		<Unit filename="../WickEngine_DirectX_SDK/include/FadeText.h" />
		<Unit filename="../WickEngine_DirectX_SDK/include/Font.h" />
		<Unit filename="../WickEngine_DirectX_SDK/include/Graphics.h" />
		<Unit filename="../WickEngine_DirectX_SDK/include/HitBox.h" />
		<Unit filename="../WickEngine_DirectX_SDK/include/Image.h" />
		<Unit filename="../WickEngine_DirectX_SDK/include/ImageGrid.h" />
		<Unit filename="../WickEngine_DirectX_SDK/include/Input.h" />
		<Unit filename="../WickEngine_DirectX_SDK/include/Paintable.h" />
		<Unit filename="../WickEngine_DirectX_SDK/include/Pair.h" />
		<Unit filename="../WickEngine_DirectX_SDK/include/Releaseable.h" />
		<Unit filename="../WickEngine_DirectX_SDK/include/Rotateable.h" />
		<Unit filename="../WickEngine_DirectX_SDK/include/Scaleable.h" />
		<Unit filename="../WickEngine_DirectX_SDK/include/SplashState.h" />
		<Unit filename="../WickEngine_DirectX_SDK/include/State.h" />
		<Unit filename="../WickEngine_DirectX_SDK/include/Text.h" />
		<Unit filename="../WickEngine_DirectX_SDK/include/TextField.h" />
		<Unit filename="../WickEngine_DirectX_SDK/include/Texture.h" />
		<Unit filename="../WickEngine_DirectX_SDK/include/Toggle.h" />
		<Unit filename="../WickEngine_DirectX_SDK/include/Updateable.h" />
		<Unit filename="../WickEngine_DirectX_SDK/include/Wick.h" />
		<Unit filename="../WickEngine_DirectX_SDK/include/WickError.h" />
		<Unit filename="../WickEngine_DirectX_SDK/include/Window.h" />
		<Unit filename="Box.cpp" />
		<Unit filename="Button.cpp" />
		<Unit filename="Color.cpp" />
		<Unit filename="DefaultState.cpp" />
		<Unit filename="FadeText.cpp" />
		<Unit filename="Font.cpp" />
		<Unit filename="Graphics.cpp" />
		<Unit filename="HitBox.cpp" />
		<Unit filename="Image.cpp" />
		<Unit filename="ImageGrid.cpp" />
		<Unit filename="Input.cpp" />
		<Unit filename="Paintable.cpp" />
		<Unit filename="Pair.cpp" />
		<Unit filename="Releaseable.cpp" />
		<Unit filename="Rotateable.cpp" />
		<Unit filename="Scaleable.cpp" />
		<Unit filename="SplashState.cpp" />
		<Unit filename="State.cpp" />
		<Unit filename="Text.cpp" />
		<Unit filename="TextField.cpp" />
		<Unit filename="Texture.cpp" />
		<Unit filename="Toggle.cpp" />
		<Unit filename="Updateable.cpp" />
		<Unit filename="WickError.cpp" />
		<Unit filename="Window.cpp" />
		<Extensions>
			<code_completion />
			<debugger />
		</Extensions>
	</Project>
</CodeBlocks_project_file>
